// !$*UTF8*$!
{
	archiveVersion = 1;
	classes = {
	};
	objectVersion = 48;
	objects = {

/* Begin PBXBuildFile section */
		69BB3CC2C4FED67A98084FA3 /* libPods-Awesome-iOS.a in Frameworks */ = {isa = PBXBuildFile; fileRef = 362799CD04BE1EF47D3362CA /* libPods-Awesome-iOS.a */; settings = {ATTRIBUTES = (Required, ); }; };
		9E2009CC20CA1A1400337438 /* XCTest.framework in Frameworks */ = {isa = PBXBuildFile; fileRef = 9E2009CB20CA1A1400337438 /* XCTest.framework */; settings = {ATTRIBUTES = (Weak, ); }; };
		9E2009D120CA1FA400337438 /* ObjC.storyboard in Resources */ = {isa = PBXBuildFile; fileRef = 9E2009D020CA1FA400337438 /* ObjC.storyboard */; };
		9E7ABEE520C6753A00C1793F /* YTExampleTableViewController.m in Sources */ = {isa = PBXBuildFile; fileRef = 9E7ABEE420C6753A00C1793F /* YTExampleTableViewController.m */; };
		9ED814E22088280D00249C58 /* AppDelegate.m in Sources */ = {isa = PBXBuildFile; fileRef = 9ED814E12088280D00249C58 /* AppDelegate.m */; };
		9ED814E82088280D00249C58 /* Main.storyboard in Resources */ = {isa = PBXBuildFile; fileRef = 9ED814E62088280D00249C58 /* Main.storyboard */; };
		9ED814EA2088280D00249C58 /* Assets.xcassets in Resources */ = {isa = PBXBuildFile; fileRef = 9ED814E92088280D00249C58 /* Assets.xcassets */; };
		9ED814ED2088280D00249C58 /* LaunchScreen.storyboard in Resources */ = {isa = PBXBuildFile; fileRef = 9ED814EB2088280D00249C58 /* LaunchScreen.storyboard */; };
		9ED814F02088280D00249C58 /* main.m in Sources */ = {isa = PBXBuildFile; fileRef = 9ED814EF2088280D00249C58 /* main.m */; };
		9EEE42EB20AAE5C400DA5453 /* index.jsbundle in Resources */ = {isa = PBXBuildFile; fileRef = 9EEE42E920AAE5C400DA5453 /* index.jsbundle */; };
		9EEE42EC20AAE5C400DA5453 /* index.jsbundle.meta in Resources */ = {isa = PBXBuildFile; fileRef = 9EEE42EA20AAE5C400DA5453 /* index.jsbundle.meta */; };
		DC840C2153B7F8289C2D992E /* YTReactNativeViewController.m in Sources */ = {isa = PBXBuildFile; fileRef = DC840D90B2B30A6795C8A201 /* YTReactNativeViewController.m */; };
		DC840E7AD30125D05D4973F4 /* AppDelegate+CYNSetupPush.m in Sources */ = {isa = PBXBuildFile; fileRef = DC8407677A463BC0A0455006 /* AppDelegate+CYNSetupPush.m */; };
/* End PBXBuildFile section */

/* Begin PBXCopyFilesBuildPhase section */
		9E2009CA20CA17BC00337438 /* Embed Frameworks */ = {
			isa = PBXCopyFilesBuildPhase;
			buildActionMask = 2147483647;
			dstPath = "";
			dstSubfolderSpec = 10;
			files = (
			);
			name = "Embed Frameworks";
			runOnlyForDeploymentPostprocessing = 0;
		};
/* End PBXCopyFilesBuildPhase section */

/* Begin PBXFileReference section */
		30D6FB0F5D4262F15100FDFB /* Pods-Awesome-iOS.release.xcconfig */ = {isa = PBXFileReference; includeInIndex = 1; lastKnownFileType = text.xcconfig; name = "Pods-Awesome-iOS.release.xcconfig"; path = "Pods/Target Support Files/Pods-Awesome-iOS/Pods-Awesome-iOS.release.xcconfig"; sourceTree = "<group>"; };
		362799CD04BE1EF47D3362CA /* libPods-Awesome-iOS.a */ = {isa = PBXFileReference; explicitFileType = archive.ar; includeInIndex = 0; path = "libPods-Awesome-iOS.a"; sourceTree = BUILT_PRODUCTS_DIR; };
		9E2009CB20CA1A1400337438 /* XCTest.framework */ = {isa = PBXFileReference; lastKnownFileType = wrapper.framework; name = XCTest.framework; path = Platforms/iPhoneOS.platform/Developer/Library/Frameworks/XCTest.framework; sourceTree = DEVELOPER_DIR; };
		9E2009D020CA1FA400337438 /* ObjC.storyboard */ = {isa = PBXFileReference; lastKnownFileType = file.storyboard; path = ObjC.storyboard; sourceTree = "<group>"; };
		9E4F411A20E077B900ADEA0C /* Awesome-iOS.entitlements */ = {isa = PBXFileReference; lastKnownFileType = text.plist.entitlements; path = "Awesome-iOS.entitlements"; sourceTree = "<group>"; };
		9E7ABEE320C6753A00C1793F /* YTExampleTableViewController.h */ = {isa = PBXFileReference; lastKnownFileType = sourcecode.c.h; path = YTExampleTableViewController.h; sourceTree = "<group>"; };
		9E7ABEE420C6753A00C1793F /* YTExampleTableViewController.m */ = {isa = PBXFileReference; lastKnownFileType = sourcecode.c.objc; path = YTExampleTableViewController.m; sourceTree = "<group>"; };
		9ED814DD2088280D00249C58 /* Awesome-iOS.app */ = {isa = PBXFileReference; explicitFileType = wrapper.application; includeInIndex = 0; path = "Awesome-iOS.app"; sourceTree = BUILT_PRODUCTS_DIR; };
		9ED814E02088280D00249C58 /* AppDelegate.h */ = {isa = PBXFileReference; lastKnownFileType = sourcecode.c.h; path = AppDelegate.h; sourceTree = "<group>"; };
		9ED814E12088280D00249C58 /* AppDelegate.m */ = {isa = PBXFileReference; lastKnownFileType = sourcecode.c.objc; path = AppDelegate.m; sourceTree = "<group>"; };
		9ED814E72088280D00249C58 /* Base */ = {isa = PBXFileReference; lastKnownFileType = file.storyboard; name = Base; path = Base.lproj/Main.storyboard; sourceTree = "<group>"; };
		9ED814E92088280D00249C58 /* Assets.xcassets */ = {isa = PBXFileReference; lastKnownFileType = folder.assetcatalog; path = Assets.xcassets; sourceTree = "<group>"; };
		9ED814EC2088280D00249C58 /* Base */ = {isa = PBXFileReference; lastKnownFileType = file.storyboard; name = Base; path = Base.lproj/LaunchScreen.storyboard; sourceTree = "<group>"; };
		9ED814EE2088280D00249C58 /* Info.plist */ = {isa = PBXFileReference; lastKnownFileType = text.plist.xml; path = Info.plist; sourceTree = "<group>"; };
		9ED814EF2088280D00249C58 /* main.m */ = {isa = PBXFileReference; lastKnownFileType = sourcecode.c.objc; path = main.m; sourceTree = "<group>"; };
		9EEE42E920AAE5C400DA5453 /* index.jsbundle */ = {isa = PBXFileReference; fileEncoding = 4; lastKnownFileType = text; path = index.jsbundle; sourceTree = "<group>"; };
		9EEE42EA20AAE5C400DA5453 /* index.jsbundle.meta */ = {isa = PBXFileReference; lastKnownFileType = file; path = index.jsbundle.meta; sourceTree = "<group>"; };
		DC8405704EE625BDD4F6D76A /* YTReactNativeViewController.h */ = {isa = PBXFileReference; fileEncoding = 4; lastKnownFileType = sourcecode.c.h; path = YTReactNativeViewController.h; sourceTree = "<group>"; };
		DC8407677A463BC0A0455006 /* AppDelegate+CYNSetupPush.m */ = {isa = PBXFileReference; fileEncoding = 4; lastKnownFileType = sourcecode.c.objc; path = "AppDelegate+CYNSetupPush.m"; sourceTree = "<group>"; };
		DC840B15AD22B3A6B32009D8 /* AppDelegate+CYNSetupPush.h */ = {isa = PBXFileReference; fileEncoding = 4; lastKnownFileType = sourcecode.c.h; path = "AppDelegate+CYNSetupPush.h"; sourceTree = "<group>"; };
		DC840D90B2B30A6795C8A201 /* YTReactNativeViewController.m */ = {isa = PBXFileReference; fileEncoding = 4; lastKnownFileType = sourcecode.c.objc; path = YTReactNativeViewController.m; sourceTree = "<group>"; };
		DC925223F37EF09539A51C0D /* Pods-Awesome-iOS.debug.xcconfig */ = {isa = PBXFileReference; includeInIndex = 1; lastKnownFileType = text.xcconfig; name = "Pods-Awesome-iOS.debug.xcconfig"; path = "Pods/Target Support Files/Pods-Awesome-iOS/Pods-Awesome-iOS.debug.xcconfig"; sourceTree = "<group>"; };
/* End PBXFileReference section */

/* Begin PBXFrameworksBuildPhase section */
		9ED814DA2088280D00249C58 /* Frameworks */ = {
			isa = PBXFrameworksBuildPhase;
			buildActionMask = 2147483647;
			files = (
				9E2009CC20CA1A1400337438 /* XCTest.framework in Frameworks */,
				69BB3CC2C4FED67A98084FA3 /* libPods-Awesome-iOS.a in Frameworks */,
			);
			runOnlyForDeploymentPostprocessing = 0;
		};
/* End PBXFrameworksBuildPhase section */

/* Begin PBXGroup section */
		59FE85446C8F355756B63823 /* Pods */ = {
			isa = PBXGroup;
			children = (
				DC925223F37EF09539A51C0D /* Pods-Awesome-iOS.debug.xcconfig */,
				30D6FB0F5D4262F15100FDFB /* Pods-Awesome-iOS.release.xcconfig */,
			);
			name = Pods;
			sourceTree = "<group>";
		};
		8C9C696A6A9AD20D385EAA16 /* Frameworks */ = {
			isa = PBXGroup;
			children = (
				9E2009CB20CA1A1400337438 /* XCTest.framework */,
				362799CD04BE1EF47D3362CA /* libPods-Awesome-iOS.a */,
			);
			name = Frameworks;
			sourceTree = "<group>";
		};
		9E2009CD20CA1C7B00337438 /* Texture */ = {
			isa = PBXGroup;
			children = (
			);
			path = Texture;
			sourceTree = "<group>";
		};
		9E2009CE20CA1D3D00337438 /* Masonry */ = {
			isa = PBXGroup;
			children = (
			);
			path = Masonry;
			sourceTree = "<group>";
		};
		9E2009CF20CA1F8B00337438 /* ObjC */ = {
			isa = PBXGroup;
			children = (
				9E2009D420CA21F200337438 /* TabBar&Navigation */,
				9E2009D320CA21E600337438 /* 个人中心 */,
				9E2009D220CA21DE00337438 /* 首页 */,
				9E2009D020CA1FA400337438 /* ObjC.storyboard */,
			);
			path = ObjC;
			sourceTree = "<group>";
		};
		9E2009D220CA21DE00337438 /* 首页 */ = {
			isa = PBXGroup;
			children = (
			);
			path = "首页";
			sourceTree = "<group>";
		};
		9E2009D320CA21E600337438 /* 个人中心 */ = {
			isa = PBXGroup;
			children = (
			);
			path = "个人中心";
			sourceTree = "<group>";
		};
		9E2009D420CA21F200337438 /* TabBar&Navigation */ = {
			isa = PBXGroup;
			children = (
			);
			path = "TabBar&Navigation";
			sourceTree = "<group>";
		};
		9E7ABEE620C675A500C1793F /* Main */ = {
			isa = PBXGroup;
			children = (
				9ED814E02088280D00249C58 /* AppDelegate.h */,
				9ED814E12088280D00249C58 /* AppDelegate.m */,
				9E7ABEE320C6753A00C1793F /* YTExampleTableViewController.h */,
				9E7ABEE420C6753A00C1793F /* YTExampleTableViewController.m */,
				9ED814E62088280D00249C58 /* Main.storyboard */,
				9ED814E92088280D00249C58 /* Assets.xcassets */,
				9ED814EB2088280D00249C58 /* LaunchScreen.storyboard */,
				9ED814EE2088280D00249C58 /* Info.plist */,
				9ED814EF2088280D00249C58 /* main.m */,
				DC8407677A463BC0A0455006 /* AppDelegate+CYNSetupPush.m */,
				DC840B15AD22B3A6B32009D8 /* AppDelegate+CYNSetupPush.h */,
			);
			path = Main;
			sourceTree = "<group>";
		};
		9ED814D42088280D00249C58 = {
			isa = PBXGroup;
			children = (
				9ED814DF2088280D00249C58 /* Awesome-iOS */,
				9ED814DE2088280D00249C58 /* Products */,
				8C9C696A6A9AD20D385EAA16 /* Frameworks */,
				59FE85446C8F355756B63823 /* Pods */,
			);
			sourceTree = "<group>";
		};
		9ED814DE2088280D00249C58 /* Products */ = {
			isa = PBXGroup;
			children = (
				9ED814DD2088280D00249C58 /* Awesome-iOS.app */,
			);
			name = Products;
			sourceTree = "<group>";
		};
		9ED814DF2088280D00249C58 /* Awesome-iOS */ = {
			isa = PBXGroup;
			children = (
				9E4F411A20E077B900ADEA0C /* Awesome-iOS.entitlements */,
				9EEE42E820AAE5C400DA5453 /* bundle */,
				9E7ABEE620C675A500C1793F /* Main */,
				DC84072BFBFEC0F9E3D44E6A /* Technology */,
			);
			path = "Awesome-iOS";
			sourceTree = "<group>";
		};
		9EEE42E820AAE5C400DA5453 /* bundle */ = {
			isa = PBXGroup;
			children = (
				9EEE42E920AAE5C400DA5453 /* index.jsbundle */,
				9EEE42EA20AAE5C400DA5453 /* index.jsbundle.meta */,
			);
			path = bundle;
			sourceTree = "<group>";
		};
		DC840637C214EF4A0B5D28F8 /* ReactNavite */ = {
			isa = PBXGroup;
			children = (
				DC8405704EE625BDD4F6D76A /* YTReactNativeViewController.h */,
				DC840D90B2B30A6795C8A201 /* YTReactNativeViewController.m */,
			);
			path = ReactNavite;
			sourceTree = "<group>";
		};
		DC84072BFBFEC0F9E3D44E6A /* Technology */ = {
			isa = PBXGroup;
			children = (
				9E2009CF20CA1F8B00337438 /* ObjC */,
				DC840637C214EF4A0B5D28F8 /* ReactNavite */,
				9E2009CD20CA1C7B00337438 /* Texture */,
				9E2009CE20CA1D3D00337438 /* Masonry */,
			);
			path = Technology;
			sourceTree = "<group>";
		};
/* End PBXGroup section */

/* Begin PBXNativeTarget section */
		9ED814DC2088280D00249C58 /* Awesome-iOS */ = {
			isa = PBXNativeTarget;
			buildConfigurationList = 9ED814F32088280D00249C58 /* Build configuration list for PBXNativeTarget "Awesome-iOS" */;
			buildPhases = (
				786B7D38E87A9F91E1CBC7E8 /* [CP] Check Pods Manifest.lock */,
				9ED814D92088280D00249C58 /* Sources */,
				9ED814DA2088280D00249C58 /* Frameworks */,
				9ED814DB2088280D00249C58 /* Resources */,
				02832A8EAE86B828D6C2EB26 /* [CP] Embed Pods Frameworks */,
				5E7DD86D06C060A8CA5061E1 /* [CP] Copy Pods Resources */,
				9E2009CA20CA17BC00337438 /* Embed Frameworks */,
			);
			buildRules = (
			);
			dependencies = (
			);
			name = "Awesome-iOS";
			productName = "Awesome-iOS";
			productReference = 9ED814DD2088280D00249C58 /* Awesome-iOS.app */;
			productType = "com.apple.product-type.application";
		};
/* End PBXNativeTarget section */

/* Begin PBXProject section */
		9ED814D52088280D00249C58 /* Project object */ = {
			isa = PBXProject;
			attributes = {
				LastUpgradeCheck = 0920;
				ORGANIZATIONNAME = Cyandnow;
				TargetAttributes = {
					9ED814DC2088280D00249C58 = {
						CreatedOnToolsVersion = 9.2;
						ProvisioningStyle = Manual;
						SystemCapabilities = {
							com.apple.BackgroundModes = {
								enabled = 1;
							};
							com.apple.Push = {
								enabled = 1;
							};
						};
					};
				};
			};
			buildConfigurationList = 9ED814D82088280D00249C58 /* Build configuration list for PBXProject "Awesome-iOS" */;
			compatibilityVersion = "Xcode 8.0";
			developmentRegion = en;
			hasScannedForEncodings = 0;
			knownRegions = (
				en,
				Base,
			);
			mainGroup = 9ED814D42088280D00249C58;
			productRefGroup = 9ED814DE2088280D00249C58 /* Products */;
			projectDirPath = "";
			projectRoot = "";
			targets = (
				9ED814DC2088280D00249C58 /* Awesome-iOS */,
			);
		};
/* End PBXProject section */

/* Begin PBXResourcesBuildPhase section */
		9ED814DB2088280D00249C58 /* Resources */ = {
			isa = PBXResourcesBuildPhase;
			buildActionMask = 2147483647;
			files = (
				9ED814ED2088280D00249C58 /* LaunchScreen.storyboard in Resources */,
				9ED814EA2088280D00249C58 /* Assets.xcassets in Resources */,
				9ED814E82088280D00249C58 /* Main.storyboard in Resources */,
				9EEE42EB20AAE5C400DA5453 /* index.jsbundle in Resources */,
				9E2009D120CA1FA400337438 /* ObjC.storyboard in Resources */,
				9EEE42EC20AAE5C400DA5453 /* index.jsbundle.meta in Resources */,
			);
			runOnlyForDeploymentPostprocessing = 0;
		};
/* End PBXResourcesBuildPhase section */

/* Begin PBXShellScriptBuildPhase section */
		02832A8EAE86B828D6C2EB26 /* [CP] Embed Pods Frameworks */ = {
			isa = PBXShellScriptBuildPhase;
			buildActionMask = 2147483647;
			files = (
			);
			inputPaths = (
				"${SRCROOT}/Pods/Target Support Files/Pods-Awesome-iOS/Pods-Awesome-iOS-frameworks.sh",
				"${BUILT_PRODUCTS_DIR}/DoubleConversion/DoubleConversion.framework",
				"${BUILT_PRODUCTS_DIR}/Folly/folly.framework",
				"${BUILT_PRODUCTS_DIR}/PINCache/PINCache.framework",
				"${BUILT_PRODUCTS_DIR}/PINOperation/PINOperation.framework",
				"${BUILT_PRODUCTS_DIR}/PINRemoteImage/PINRemoteImage.framework",
				"${BUILT_PRODUCTS_DIR}/React/React.framework",
				"${BUILT_PRODUCTS_DIR}/Texture/AsyncDisplayKit.framework",
				"${BUILT_PRODUCTS_DIR}/glog/glog.framework",
				"${BUILT_PRODUCTS_DIR}/yoga/yoga.framework",
			);
			name = "[CP] Embed Pods Frameworks";
			outputPaths = (
				"${TARGET_BUILD_DIR}/${FRAMEWORKS_FOLDER_PATH}/DoubleConversion.framework",
				"${TARGET_BUILD_DIR}/${FRAMEWORKS_FOLDER_PATH}/folly.framework",
				"${TARGET_BUILD_DIR}/${FRAMEWORKS_FOLDER_PATH}/PINCache.framework",
				"${TARGET_BUILD_DIR}/${FRAMEWORKS_FOLDER_PATH}/PINOperation.framework",
				"${TARGET_BUILD_DIR}/${FRAMEWORKS_FOLDER_PATH}/PINRemoteImage.framework",
				"${TARGET_BUILD_DIR}/${FRAMEWORKS_FOLDER_PATH}/React.framework",
				"${TARGET_BUILD_DIR}/${FRAMEWORKS_FOLDER_PATH}/AsyncDisplayKit.framework",
				"${TARGET_BUILD_DIR}/${FRAMEWORKS_FOLDER_PATH}/glog.framework",
				"${TARGET_BUILD_DIR}/${FRAMEWORKS_FOLDER_PATH}/yoga.framework",
			);
			runOnlyForDeploymentPostprocessing = 0;
			shellPath = /bin/sh;
			shellScript = "\"${SRCROOT}/Pods/Target Support Files/Pods-Awesome-iOS/Pods-Awesome-iOS-frameworks.sh\"\n";
			showEnvVarsInLog = 0;
		};
		5E7DD86D06C060A8CA5061E1 /* [CP] Copy Pods Resources */ = {
			isa = PBXShellScriptBuildPhase;
			buildActionMask = 2147483647;
			files = (
			);
			inputPaths = (
			);
			name = "[CP] Copy Pods Resources";
			outputPaths = (
			);
			runOnlyForDeploymentPostprocessing = 0;
			shellPath = /bin/sh;
			shellScript = "\"${SRCROOT}/Pods/Target Support Files/Pods-Awesome-iOS/Pods-Awesome-iOS-resources.sh\"\n";
			showEnvVarsInLog = 0;
		};
		786B7D38E87A9F91E1CBC7E8 /* [CP] Check Pods Manifest.lock */ = {
			isa = PBXShellScriptBuildPhase;
			buildActionMask = 2147483647;
			files = (
			);
			inputPaths = (
				"${PODS_PODFILE_DIR_PATH}/Podfile.lock",
				"${PODS_ROOT}/Manifest.lock",
			);
			name = "[CP] Check Pods Manifest.lock";
			outputPaths = (
				"$(DERIVED_FILE_DIR)/Pods-Awesome-iOS-checkManifestLockResult.txt",
			);
			runOnlyForDeploymentPostprocessing = 0;
			shellPath = /bin/sh;
			shellScript = "diff \"${PODS_PODFILE_DIR_PATH}/Podfile.lock\" \"${PODS_ROOT}/Manifest.lock\" > /dev/null\nif [ $? != 0 ] ; then\n    # print error to STDERR\n    echo \"error: The sandbox is not in sync with the Podfile.lock. Run 'pod install' or update your CocoaPods installation.\" >&2\n    exit 1\nfi\n# This output is used by Xcode 'outputs' to avoid re-running this script phase.\necho \"SUCCESS\" > \"${SCRIPT_OUTPUT_FILE_0}\"\n";
			showEnvVarsInLog = 0;
		};
/* End PBXShellScriptBuildPhase section */

/* Begin PBXSourcesBuildPhase section */
		9ED814D92088280D00249C58 /* Sources */ = {
			isa = PBXSourcesBuildPhase;
			buildActionMask = 2147483647;
			files = (
				9E7ABEE520C6753A00C1793F /* YTExampleTableViewController.m in Sources */,
				9ED814F02088280D00249C58 /* main.m in Sources */,
				9ED814E22088280D00249C58 /* AppDelegate.m in Sources */,
				DC840C2153B7F8289C2D992E /* YTReactNativeViewController.m in Sources */,
				DC840E7AD30125D05D4973F4 /* AppDelegate+CYNSetupPush.m in Sources */,
			);
			runOnlyForDeploymentPostprocessing = 0;
		};
/* End PBXSourcesBuildPhase section */

/* Begin PBXVariantGroup section */
		9ED814E62088280D00249C58 /* Main.storyboard */ = {
			isa = PBXVariantGroup;
			children = (
				9ED814E72088280D00249C58 /* Base */,
			);
			name = Main.storyboard;
			sourceTree = "<group>";
		};
		9ED814EB2088280D00249C58 /* LaunchScreen.storyboard */ = {
			isa = PBXVariantGroup;
			children = (
				9ED814EC2088280D00249C58 /* Base */,
			);
			name = LaunchScreen.storyboard;
			sourceTree = "<group>";
		};
/* End PBXVariantGroup section */

/* Begin XCBuildConfiguration section */
		9ED814F12088280D00249C58 /* Debug */ = {
			isa = XCBuildConfiguration;
			buildSettings = {
				ALWAYS_SEARCH_USER_PATHS = NO;
				CLANG_ANALYZER_NONNULL = YES;
				CLANG_ANALYZER_NUMBER_OBJECT_CONVERSION = YES_AGGRESSIVE;
				CLANG_CXX_LANGUAGE_STANDARD = "gnu++14";
				CLANG_CXX_LIBRARY = "libc++";
				CLANG_ENABLE_MODULES = YES;
				CLANG_ENABLE_OBJC_ARC = YES;
				CLANG_WARN_BLOCK_CAPTURE_AUTORELEASING = YES;
				CLANG_WARN_BOOL_CONVERSION = YES;
				CLANG_WARN_COMMA = YES;
				CLANG_WARN_CONSTANT_CONVERSION = YES;
				CLANG_WARN_DIRECT_OBJC_ISA_USAGE = YES_ERROR;
				CLANG_WARN_DOCUMENTATION_COMMENTS = YES;
				CLANG_WARN_EMPTY_BODY = YES;
				CLANG_WARN_ENUM_CONVERSION = YES;
				CLANG_WARN_INFINITE_RECURSION = YES;
				CLANG_WARN_INT_CONVERSION = YES;
				CLANG_WARN_NON_LITERAL_NULL_CONVERSION = YES;
				CLANG_WARN_OBJC_LITERAL_CONVERSION = YES;
				CLANG_WARN_OBJC_ROOT_CLASS = YES_ERROR;
				CLANG_WARN_RANGE_LOOP_ANALYSIS = YES;
				CLANG_WARN_STRICT_PROTOTYPES = YES;
				CLANG_WARN_SUSPICIOUS_MOVE = YES;
				CLANG_WARN_UNGUARDED_AVAILABILITY = YES_AGGRESSIVE;
				CLANG_WARN_UNREACHABLE_CODE = YES;
				CLANG_WARN__DUPLICATE_METHOD_MATCH = YES;
				CODE_SIGN_IDENTITY = "iPhone Developer";
				COPY_PHASE_STRIP = NO;
				DEBUG_INFORMATION_FORMAT = dwarf;
				ENABLE_STRICT_OBJC_MSGSEND = YES;
				ENABLE_TESTABILITY = YES;
				GCC_C_LANGUAGE_STANDARD = gnu11;
				GCC_DYNAMIC_NO_PIC = NO;
				GCC_NO_COMMON_BLOCKS = YES;
				GCC_OPTIMIZATION_LEVEL = 0;
				GCC_PREPROCESSOR_DEFINITIONS = (
					"DEBUG=1",
					"$(inherited)",
				);
				GCC_WARN_64_TO_32_BIT_CONVERSION = YES;
				GCC_WARN_ABOUT_RETURN_TYPE = YES_ERROR;
				GCC_WARN_UNDECLARED_SELECTOR = YES;
				GCC_WARN_UNINITIALIZED_AUTOS = YES_AGGRESSIVE;
				GCC_WARN_UNUSED_FUNCTION = YES;
				GCC_WARN_UNUSED_VARIABLE = YES;
				IPHONEOS_DEPLOYMENT_TARGET = 11.2;
				MTL_ENABLE_DEBUG_INFO = YES;
				ONLY_ACTIVE_ARCH = YES;
				SDKROOT = iphoneos;
			};
			name = Debug;
		};
		9ED814F22088280D00249C58 /* Release */ = {
			isa = XCBuildConfiguration;
			buildSettings = {
				ALWAYS_SEARCH_USER_PATHS = NO;
				CLANG_ANALYZER_NONNULL = YES;
				CLANG_ANALYZER_NUMBER_OBJECT_CONVERSION = YES_AGGRESSIVE;
				CLANG_CXX_LANGUAGE_STANDARD = "gnu++14";
				CLANG_CXX_LIBRARY = "libc++";
				CLANG_ENABLE_MODULES = YES;
				CLANG_ENABLE_OBJC_ARC = YES;
				CLANG_WARN_BLOCK_CAPTURE_AUTORELEASING = YES;
				CLANG_WARN_BOOL_CONVERSION = YES;
				CLANG_WARN_COMMA = YES;
				CLANG_WARN_CONSTANT_CONVERSION = YES;
				CLANG_WARN_DIRECT_OBJC_ISA_USAGE = YES_ERROR;
				CLANG_WARN_DOCUMENTATION_COMMENTS = YES;
				CLANG_WARN_EMPTY_BODY = YES;
				CLANG_WARN_ENUM_CONVERSION = YES;
				CLANG_WARN_INFINITE_RECURSION = YES;
				CLANG_WARN_INT_CONVERSION = YES;
				CLANG_WARN_NON_LITERAL_NULL_CONVERSION = YES;
				CLANG_WARN_OBJC_LITERAL_CONVERSION = YES;
				CLANG_WARN_OBJC_ROOT_CLASS = YES_ERROR;
				CLANG_WARN_RANGE_LOOP_ANALYSIS = YES;
				CLANG_WARN_STRICT_PROTOTYPES = YES;
				CLANG_WARN_SUSPICIOUS_MOVE = YES;
				CLANG_WARN_UNGUARDED_AVAILABILITY = YES_AGGRESSIVE;
				CLANG_WARN_UNREACHABLE_CODE = YES;
				CLANG_WARN__DUPLICATE_METHOD_MATCH = YES;
				CODE_SIGN_IDENTITY = "iPhone Developer";
				COPY_PHASE_STRIP = NO;
				DEBUG_INFORMATION_FORMAT = "dwarf-with-dsym";
				ENABLE_NS_ASSERTIONS = NO;
				ENABLE_STRICT_OBJC_MSGSEND = YES;
				GCC_C_LANGUAGE_STANDARD = gnu11;
				GCC_NO_COMMON_BLOCKS = YES;
				GCC_WARN_64_TO_32_BIT_CONVERSION = YES;
				GCC_WARN_ABOUT_RETURN_TYPE = YES_ERROR;
				GCC_WARN_UNDECLARED_SELECTOR = YES;
				GCC_WARN_UNINITIALIZED_AUTOS = YES_AGGRESSIVE;
				GCC_WARN_UNUSED_FUNCTION = YES;
				GCC_WARN_UNUSED_VARIABLE = YES;
				IPHONEOS_DEPLOYMENT_TARGET = 11.2;
				MTL_ENABLE_DEBUG_INFO = NO;
				SDKROOT = iphoneos;
				VALIDATE_PRODUCT = YES;
			};
			name = Release;
		};
		9ED814F42088280D00249C58 /* Debug */ = {
			isa = XCBuildConfiguration;
			baseConfigurationReference = DC925223F37EF09539A51C0D /* Pods-Awesome-iOS.debug.xcconfig */;
			buildSettings = {
				ASSETCATALOG_COMPILER_APPICON_NAME = AppIcon;
				CODE_SIGN_ENTITLEMENTS = "Awesome-iOS/Awesome-iOS.entitlements";
				CODE_SIGN_STYLE = Manual;
				DEVELOPMENT_TEAM = W5U8BWD4MB;
				INFOPLIST_FILE = "$(SRCROOT)/Awesome-iOS/Main/Info.plist";
				IPHONEOS_DEPLOYMENT_TARGET = 9.0;
				LD_RUNPATH_SEARCH_PATHS = "$(inherited) @executable_path/Frameworks";
				PRODUCT_BUNDLE_IDENTIFIER = "com.cyandnow.demo.Awesome-iOS";
				PRODUCT_NAME = "$(TARGET_NAME)";
				PROVISIONING_PROFILE = "96fa6d90-04da-4e08-b870-7cd60c1e697b";
				PROVISIONING_PROFILE_SPECIFIER = "Awesome iOS Development";
				TARGETED_DEVICE_FAMILY = 1;
			};
			name = Debug;
		};
		9ED814F52088280D00249C58 /* Release */ = {
			isa = XCBuildConfiguration;
			baseConfigurationReference = 30D6FB0F5D4262F15100FDFB /* Pods-Awesome-iOS.release.xcconfig */;
			buildSettings = {
				ASSETCATALOG_COMPILER_APPICON_NAME = AppIcon;
				CODE_SIGN_ENTITLEMENTS = "Awesome-iOS/Awesome-iOS.entitlements";
				CODE_SIGN_STYLE = Manual;
				DEVELOPMENT_TEAM = "";
				INFOPLIST_FILE = "$(SRCROOT)/Awesome-iOS/Main/Info.plist";
				IPHONEOS_DEPLOYMENT_TARGET = 9.0;
				LD_RUNPATH_SEARCH_PATHS = "$(inherited) @executable_path/Frameworks";
				PRODUCT_BUNDLE_IDENTIFIER = "com.cyandnow.demo.Awesome-iOS";
				PRODUCT_NAME = "$(TARGET_NAME)";
				PROVISIONING_PROFILE_SPECIFIER = "";
				TARGETED_DEVICE_FAMILY = 1;
			};
			name = Release;
		};
/* End XCBuildConfiguration section */

/* Begin XCConfigurationList section */
		9ED814D82088280D00249C58 /* Build configuration list for PBXProject "Awesome-iOS" */ = {
			isa = XCConfigurationList;
			buildConfigurations = (
				9ED814F12088280D00249C58 /* Debug */,
				9ED814F22088280D00249C58 /* Release */,
			);
			defaultConfigurationIsVisible = 0;
			defaultConfigurationName = Release;
		};
		9ED814F32088280D00249C58 /* Build configuration list for PBXNativeTarget "Awesome-iOS" */ = {
			isa = XCConfigurationList;
			buildConfigurations = (
				9ED814F42088280D00249C58 /* Debug */,
				9ED814F52088280D00249C58 /* Release */,
			);
			defaultConfigurationIsVisible = 0;
			defaultConfigurationName = Release;
		};
/* End XCConfigurationList section */
	};
	rootObject = 9ED814D52088280D00249C58 /* Project object */;
}
